
Microsoft Visual Studio Solution File, Format Version 12.00
# Visual Studio 2013
VisualStudioVersion = 12.0.31101.0
MinimumVisualStudioVersion = 10.0.40219.1
Project("{FAE04EC0-301F-11D3-BF4B-00C04F79EFBC}") = "AkshayaWeb", "AkshayaWeb\AkshayaWeb.csproj", "{207B4C42-00F2-4F12-9118-6F32DA93554D}"
EndProject
Project("{2150E333-8FDC-42A3-9474-1A3956D46DE8}") = "Business", "Business", "{4754E627-05B2-49A1-82A8-CF7DA590053C}"
EndProject
Project("{2150E333-8FDC-42A3-9474-1A3956D46DE8}") = "Test", "Test", "{17EB09EB-5097-43D1-9B23-7D87B44DB527}"
EndProject
Project("{FAE04EC0-301F-11D3-BF4B-00C04F79EFBC}") = "Test.Business", "Test\Test.Business\Test.Business.csproj", "{51A10A88-317B-4F57-9554-830CE2C0E435}"
EndProject
Project("{2150E333-8FDC-42A3-9474-1A3956D46DE8}") = "App", "App", "{6C0A803A-DB0F-4054-927C-525DAA652C51}"
EndProject
Project("{FAE04EC0-301F-11D3-BF4B-00C04F79EFBC}") = "Akshaya.Data", "Business\Akshaya.Data\Akshaya.Data.csproj", "{EE15DA5D-0331-4790-BBBF-22E9872656EB}"
EndProject
Project("{FAE04EC0-301F-11D3-BF4B-00C04F79EFBC}") = "Akshaya.Transformers", "Business\Akshaya.Transformers\Akshaya.Transformers.csproj", "{465D0E8C-93AA-444F-9CDE-7BFA4B79E2EF}"
EndProject
Project("{FAE04EC0-301F-11D3-BF4B-00C04F79EFBC}") = "Akshaya.AppEntities", "App\Akshaya.AppEntities\Akshaya.AppEntities.csproj", "{F965C55F-383B-47F2-A2B3-42FCF1B80134}"
EndProject
Project("{FAE04EC0-301F-11D3-BF4B-00C04F79EFBC}") = "Akshaya.Business", "Business\Akshaya.Business\Akshaya.Business.csproj", "{8F58E935-8AF9-4D0D-9F24-DFC13539847D}"
EndProject
Project("{FAE04EC0-301F-11D3-BF4B-00C04F79EFBC}") = "Akshaya.AppServices", "App\Akshaya.AppServices\Akshaya.AppServices.csproj", "{4DEC20E2-33BC-4493-9571-BF18D0519AA7}"
EndProject
Global
	GlobalSection(SolutionConfigurationPlatforms) = preSolution
		Debug|Any CPU = Debug|Any CPU
		Release|Any CPU = Release|Any CPU
	EndGlobalSection
	GlobalSection(ProjectConfigurationPlatforms) = postSolution
		{207B4C42-00F2-4F12-9118-6F32DA93554D}.Debug|Any CPU.ActiveCfg = Debug|Any CPU
		{207B4C42-00F2-4F12-9118-6F32DA93554D}.Debug|Any CPU.Build.0 = Debug|Any CPU
		{207B4C42-00F2-4F12-9118-6F32DA93554D}.Release|Any CPU.ActiveCfg = Release|Any CPU
		{207B4C42-00F2-4F12-9118-6F32DA93554D}.Release|Any CPU.Build.0 = Release|Any CPU
		{51A10A88-317B-4F57-9554-830CE2C0E435}.Debug|Any CPU.ActiveCfg = Debug|Any CPU
		{51A10A88-317B-4F57-9554-830CE2C0E435}.Debug|Any CPU.Build.0 = Debug|Any CPU
		{51A10A88-317B-4F57-9554-830CE2C0E435}.Release|Any CPU.ActiveCfg = Release|Any CPU
		{51A10A88-317B-4F57-9554-830CE2C0E435}.Release|Any CPU.Build.0 = Release|Any CPU
		{EE15DA5D-0331-4790-BBBF-22E9872656EB}.Debug|Any CPU.ActiveCfg = Debug|Any CPU
		{EE15DA5D-0331-4790-BBBF-22E9872656EB}.Debug|Any CPU.Build.0 = Debug|Any CPU
		{EE15DA5D-0331-4790-BBBF-22E9872656EB}.Release|Any CPU.ActiveCfg = Release|Any CPU
		{EE15DA5D-0331-4790-BBBF-22E9872656EB}.Release|Any CPU.Build.0 = Release|Any CPU
		{465D0E8C-93AA-444F-9CDE-7BFA4B79E2EF}.Debug|Any CPU.ActiveCfg = Debug|Any CPU
		{465D0E8C-93AA-444F-9CDE-7BFA4B79E2EF}.Debug|Any CPU.Build.0 = Debug|Any CPU
		{465D0E8C-93AA-444F-9CDE-7BFA4B79E2EF}.Release|Any CPU.ActiveCfg = Release|Any CPU
		{465D0E8C-93AA-444F-9CDE-7BFA4B79E2EF}.Release|Any CPU.Build.0 = Release|Any CPU
		{F965C55F-383B-47F2-A2B3-42FCF1B80134}.Debug|Any CPU.ActiveCfg = Debug|Any CPU
		{F965C55F-383B-47F2-A2B3-42FCF1B80134}.Debug|Any CPU.Build.0 = Debug|Any CPU
		{F965C55F-383B-47F2-A2B3-42FCF1B80134}.Release|Any CPU.ActiveCfg = Release|Any CPU
		{F965C55F-383B-47F2-A2B3-42FCF1B80134}.Release|Any CPU.Build.0 = Release|Any CPU
		{8F58E935-8AF9-4D0D-9F24-DFC13539847D}.Debug|Any CPU.ActiveCfg = Debug|Any CPU
		{8F58E935-8AF9-4D0D-9F24-DFC13539847D}.Debug|Any CPU.Build.0 = Debug|Any CPU
		{8F58E935-8AF9-4D0D-9F24-DFC13539847D}.Release|Any CPU.ActiveCfg = Release|Any CPU
		{8F58E935-8AF9-4D0D-9F24-DFC13539847D}.Release|Any CPU.Build.0 = Release|Any CPU
		{4DEC20E2-33BC-4493-9571-BF18D0519AA7}.Debug|Any CPU.ActiveCfg = Debug|Any CPU
		{4DEC20E2-33BC-4493-9571-BF18D0519AA7}.Debug|Any CPU.Build.0 = Debug|Any CPU
		{4DEC20E2-33BC-4493-9571-BF18D0519AA7}.Release|Any CPU.ActiveCfg = Release|Any CPU
		{4DEC20E2-33BC-4493-9571-BF18D0519AA7}.Release|Any CPU.Build.0 = Release|Any CPU
	EndGlobalSection
	GlobalSection(SolutionProperties) = preSolution
		HideSolutionNode = FALSE
	EndGlobalSection
	GlobalSection(NestedProjects) = preSolution
		{51A10A88-317B-4F57-9554-830CE2C0E435} = {17EB09EB-5097-43D1-9B23-7D87B44DB527}
		{EE15DA5D-0331-4790-BBBF-22E9872656EB} = {4754E627-05B2-49A1-82A8-CF7DA590053C}
		{465D0E8C-93AA-444F-9CDE-7BFA4B79E2EF} = {4754E627-05B2-49A1-82A8-CF7DA590053C}
		{F965C55F-383B-47F2-A2B3-42FCF1B80134} = {6C0A803A-DB0F-4054-927C-525DAA652C51}
		{8F58E935-8AF9-4D0D-9F24-DFC13539847D} = {4754E627-05B2-49A1-82A8-CF7DA590053C}
		{4DEC20E2-33BC-4493-9571-BF18D0519AA7} = {6C0A803A-DB0F-4054-927C-525DAA652C51}
	EndGlobalSection
EndGlobal
